
Microsoft Visual Studio Solution File, Format Version 12.00
# Visual Studio Version 17
VisualStudioVersion = 17.4.33122.133
MinimumVisualStudioVersion = 10.0.40219.1
Project("{FAE04EC0-301F-11D3-BF4B-00C04F79EFBC}") = "FlightBooking", "FlightBooking\FlightBooking.csproj", "{D79F0EF5-8F34-48A5-A91A-42CA24CEB908}"
EndProject
Global
	GlobalSection(SolutionConfigurationPlatforms) = preSolution
		Debug|Any CPU = Debug|Any CPU
		Release|Any CPU = Release|Any CPU
	EndGlobalSection
	GlobalSection(ProjectConfigurationPlatforms) = postSolution
		{D79F0EF5-8F34-48A5-A91A-42CA24CEB908}.Debug|Any CPU.ActiveCfg = Debug|Any CPU
		{D79F0EF5-8F34-48A5-A91A-42CA24CEB908}.Debug|Any CPU.Build.0 = Debug|Any CPU
		{D79F0EF5-8F34-48A5-A91A-42CA24CEB908}.Release|Any CPU.ActiveCfg = Release|Any CPU
		{D79F0EF5-8F34-48A5-A91A-42CA24CEB908}.Release|Any CPU.Build.0 = Release|Any CPU
	EndGlobalSection
	GlobalSection(SolutionProperties) = preSolution
		HideSolutionNode = FALSE
	EndGlobalSection
	GlobalSection(ExtensibilityGlobals) = postSolution
		SolutionGuid = {6BDAA331-B72E-4125-B80D-19A510B0E953}
	EndGlobalSection
EndGlobal
